
Microsoft Visual Studio Solution File, Format Version 12.00
# Visual Studio 14
VisualStudioVersion = 14.0.25420.1
MinimumVisualStudioVersion = 10.0.40219.1
Project("{FAE04EC0-301F-11D3-BF4B-00C04F79EFBC}") = "PartyInvited", "PartyInvited\PartyInvited.csproj", "{99C4555D-DCA5-4991-BC41-2E937C933102}"
EndProject
Global
	GlobalSection(SolutionConfigurationPlatforms) = preSolution
		Debug|Any CPU = Debug|Any CPU
		Release|Any CPU = Release|Any CPU
	EndGlobalSection
	GlobalSection(ProjectConfigurationPlatforms) = postSolution
		{99C4555D-DCA5-4991-BC41-2E937C933102}.Debug|Any CPU.ActiveCfg = Debug|Any CPU
		{99C4555D-DCA5-4991-BC41-2E937C933102}.Debug|Any CPU.Build.0 = Debug|Any CPU
		{99C4555D-DCA5-4991-BC41-2E937C933102}.Release|Any CPU.ActiveCfg = Release|Any CPU
		{99C4555D-DCA5-4991-BC41-2E937C933102}.Release|Any CPU.Build.0 = Release|Any CPU
	EndGlobalSection
	GlobalSection(SolutionProperties) = preSolution
		HideSolutionNode = FALSE
	EndGlobalSection
EndGlobal
